
Microsoft Visual Studio Solution File, Format Version 12.00
# Visual Studio 2017
Project("{FAE04EC0-301F-11D3-BF4B-00C04F79EFBC}") = "AuditoryFreeField", "AuditoryFreeField.csproj", "{953F44B9-6B15-4111-3BED-2108C6318682}"
EndProject
Project("{FAE04EC0-301F-11D3-BF4B-00C04F79EFBC}") = "AuditoryFreeField.Editor", "AuditoryFreeField.Editor.csproj", "{47B15606-1140-8A67-7127-F72A0034C494}"
EndProject
Global
	GlobalSection(SolutionConfigurationPlatforms) = preSolution
		Debug|Any CPU = Debug|Any CPU
		Release|Any CPU = Release|Any CPU
	EndGlobalSection
	GlobalSection(ProjectConfigurationPlatforms) = postSolution
		{953F44B9-6B15-4111-3BED-2108C6318682}.Debug|Any CPU.ActiveCfg = Debug|Any CPU
		{953F44B9-6B15-4111-3BED-2108C6318682}.Debug|Any CPU.Build.0 = Debug|Any CPU
		{953F44B9-6B15-4111-3BED-2108C6318682}.Release|Any CPU.ActiveCfg = Release|Any CPU
		{953F44B9-6B15-4111-3BED-2108C6318682}.Release|Any CPU.Build.0 = Release|Any CPU
		{47B15606-1140-8A67-7127-F72A0034C494}.Debug|Any CPU.ActiveCfg = Debug|Any CPU
		{47B15606-1140-8A67-7127-F72A0034C494}.Debug|Any CPU.Build.0 = Debug|Any CPU
		{47B15606-1140-8A67-7127-F72A0034C494}.Release|Any CPU.ActiveCfg = Release|Any CPU
		{47B15606-1140-8A67-7127-F72A0034C494}.Release|Any CPU.Build.0 = Release|Any CPU
	EndGlobalSection
	GlobalSection(SolutionProperties) = preSolution
		HideSolutionNode = FALSE
	EndGlobalSection
EndGlobal
